
Microsoft Visual Studio Solution File, Format Version 12.00
# Visual Studio 15
VisualStudioVersion = 15.0.28010.2026
MinimumVisualStudioVersion = 10.0.40219.1
Project("{FAE04EC0-301F-11D3-BF4B-00C04F79EFBC}") = "CE3.Service.Tests", "CE3.Service.Tests\CE3.Service.Tests.csproj", "{C4C15D2E-D829-4F6E-824E-DE9D7CEAD681}"
EndProject
Project("{FAE04EC0-301F-11D3-BF4B-00C04F79EFBC}") = "CE3.Host", "CE3.Host\CE3.Host.csproj", "{E02BA766-A713-4224-989F-2C99C6F0DA86}"
EndProject
Project("{FAE04EC0-301F-11D3-BF4B-00C04F79EFBC}") = "CE3.Service", "CE3.Service\CE3.Service.csproj", "{8BC2EEC8-0CB1-4E54-9B7C-5A67812863B1}"
EndProject
Global
	GlobalSection(SolutionConfigurationPlatforms) = preSolution
		Debug|Any CPU = Debug|Any CPU
		Release|Any CPU = Release|Any CPU
	EndGlobalSection
	GlobalSection(ProjectConfigurationPlatforms) = postSolution
		{C4C15D2E-D829-4F6E-824E-DE9D7CEAD681}.Debug|Any CPU.ActiveCfg = Debug|Any CPU
		{C4C15D2E-D829-4F6E-824E-DE9D7CEAD681}.Debug|Any CPU.Build.0 = Debug|Any CPU
		{C4C15D2E-D829-4F6E-824E-DE9D7CEAD681}.Release|Any CPU.ActiveCfg = Release|Any CPU
		{C4C15D2E-D829-4F6E-824E-DE9D7CEAD681}.Release|Any CPU.Build.0 = Release|Any CPU
		{E02BA766-A713-4224-989F-2C99C6F0DA86}.Debug|Any CPU.ActiveCfg = Debug|Any CPU
		{E02BA766-A713-4224-989F-2C99C6F0DA86}.Debug|Any CPU.Build.0 = Debug|Any CPU
		{E02BA766-A713-4224-989F-2C99C6F0DA86}.Release|Any CPU.ActiveCfg = Release|Any CPU
		{E02BA766-A713-4224-989F-2C99C6F0DA86}.Release|Any CPU.Build.0 = Release|Any CPU
		{8BC2EEC8-0CB1-4E54-9B7C-5A67812863B1}.Debug|Any CPU.ActiveCfg = Debug|Any CPU
		{8BC2EEC8-0CB1-4E54-9B7C-5A67812863B1}.Debug|Any CPU.Build.0 = Debug|Any CPU
		{8BC2EEC8-0CB1-4E54-9B7C-5A67812863B1}.Release|Any CPU.ActiveCfg = Release|Any CPU
		{8BC2EEC8-0CB1-4E54-9B7C-5A67812863B1}.Release|Any CPU.Build.0 = Release|Any CPU
	EndGlobalSection
	GlobalSection(SolutionProperties) = preSolution
		HideSolutionNode = FALSE
	EndGlobalSection
	GlobalSection(ExtensibilityGlobals) = postSolution
		SolutionGuid = {6D4058A4-D07E-4561-BD86-C16296AAD8B3}
	EndGlobalSection
EndGlobal
